
Microsoft Visual Studio Solution File, Format Version 12.00
# Visual Studio 14
VisualStudioVersion = 14.0.24720.0
MinimumVisualStudioVersion = 10.0.40219.1
Project("{FAE04EC0-301F-11D3-BF4B-00C04F79EFBC}") = "CSGO-Knife-Deal-Tracker", "CSGO-Knife-Deal-Tracker\CSGO-Knife-Deal-Tracker.csproj", "{FE9562FB-15B1-4733-817B-B983A9DED1F7}"
EndProject
Global
	GlobalSection(SolutionConfigurationPlatforms) = preSolution
		Debug|Any CPU = Debug|Any CPU
		Release|Any CPU = Release|Any CPU
	EndGlobalSection
	GlobalSection(ProjectConfigurationPlatforms) = postSolution
		{FE9562FB-15B1-4733-817B-B983A9DED1F7}.Debug|Any CPU.ActiveCfg = Debug|Any CPU
		{FE9562FB-15B1-4733-817B-B983A9DED1F7}.Debug|Any CPU.Build.0 = Debug|Any CPU
		{FE9562FB-15B1-4733-817B-B983A9DED1F7}.Release|Any CPU.ActiveCfg = Release|Any CPU
		{FE9562FB-15B1-4733-817B-B983A9DED1F7}.Release|Any CPU.Build.0 = Release|Any CPU
	EndGlobalSection
	GlobalSection(SolutionProperties) = preSolution
		HideSolutionNode = FALSE
	EndGlobalSection
EndGlobal
